Microsoft Visual Studio Solution File, Format Version 12.00
# Visual Studio Version 17
Project("{FAE04EC0-301F-11D3-BF4B-00C04F79EFBC}") = "DiPlayground", "DiPlayground.csproj", "{46C5BDCE-20E8-4D8C-9F4F-1F733FC41CEB}"
EndProject
Global
	GlobalSection(SolutionConfigurationPlatforms) = preSolution
		Debug|Any CPU = Debug|Any CPU
		Release|Any CPU = Release|Any CPU
	EndGlobalSection
	GlobalSection(ProjectConfigurationPlatforms) = postSolution
		{46C5BDCE-20E8-4D8C-9F4F-1F733FC41CEB}.Debug|Any CPU.ActiveCfg = Debug|Any CPU
		{46C5BDCE-20E8-4D8C-9F4F-1F733FC41CEB}.Debug|Any CPU.Build.0 = Debug|Any CPU
		{46C5BDCE-20E8-4D8C-9F4F-1F733FC41CEB}.Release|Any CPU.ActiveCfg = Release|Any CPU
		{46C5BDCE-20E8-4D8C-9F4F-1F733FC41CEB}.Release|Any CPU.Build.0 = Release|Any CPU
	EndGlobalSection
EndGlobal
